
Microsoft Visual Studio Solution File, Format Version 12.00
# Visual Studio Version 17
VisualStudioVersion = 17.0.31919.166
MinimumVisualStudioVersion = 10.0.40219.1
Project("{8BC9CEB8-8B4A-11D0-8D11-00A0C91BC942}") = "C++_The_Tricky_Part_6", "C++_The_Tricky_Part_6\C++_The_Tricky_Part_6.vcxproj", "{852F0066-EB4D-471C-8D9B-32700A8A31C8}"
EndProject
Global
	GlobalSection(SolutionConfigurationPlatforms) = preSolution
		Debug|x64 = Debug|x64
		Debug|x86 = Debug|x86
		Release|x64 = Release|x64
		Release|x86 = Release|x86
	EndGlobalSection
	GlobalSection(ProjectConfigurationPlatforms) = postSolution
		{852F0066-EB4D-471C-8D9B-32700A8A31C8}.Debug|x64.ActiveCfg = Debug|x64
		{852F0066-EB4D-471C-8D9B-32700A8A31C8}.Debug|x64.Build.0 = Debug|x64
		{852F0066-EB4D-471C-8D9B-32700A8A31C8}.Debug|x86.ActiveCfg = Debug|Win32
		{852F0066-EB4D-471C-8D9B-32700A8A31C8}.Debug|x86.Build.0 = Debug|Win32
		{852F0066-EB4D-471C-8D9B-32700A8A31C8}.Release|x64.ActiveCfg = Release|x64
		{852F0066-EB4D-471C-8D9B-32700A8A31C8}.Release|x64.Build.0 = Release|x64
		{852F0066-EB4D-471C-8D9B-32700A8A31C8}.Release|x86.ActiveCfg = Release|Win32
		{852F0066-EB4D-471C-8D9B-32700A8A31C8}.Release|x86.Build.0 = Release|Win32
	EndGlobalSection
	GlobalSection(SolutionProperties) = preSolution
		HideSolutionNode = FALSE
	EndGlobalSection
	GlobalSection(ExtensibilityGlobals) = postSolution
		SolutionGuid = {C0E6C837-6B4B-40A7-B2AB-416C44B799D8}
	EndGlobalSection
EndGlobal
